// !$*UTF8*$!
{
	archiveVersion = 1;
	classes = {
	};
	objectVersion = 50;
	objects = {

/* Begin PBXBuildFile section */
		E915AA6822BE78A900BC0D6A /* AppDelegate.m in Sources */ = {isa = PBXBuildFile; fileRef = E915AA6722BE78A900BC0D6A /* AppDelegate.m */; };
		E915AA6B22BE78A900BC0D6A /* ViewController.m in Sources */ = {isa = PBXBuildFile; fileRef = E915AA6A22BE78A900BC0D6A /* ViewController.m */; };
		E915AA6E22BE78A900BC0D6A /* Main.storyboard in Resources */ = {isa = PBXBuildFile; fileRef = E915AA6C22BE78A900BC0D6A /* Main.storyboard */; };
		E915AA7022BE78AA00BC0D6A /* Assets.xcassets in Resources */ = {isa = PBXBuildFile; fileRef = E915AA6F22BE78AA00BC0D6A /* Assets.xcassets */; };
		E915AA7322BE78AA00BC0D6A /* LaunchScreen.storyboard in Resources */ = {isa = PBXBuildFile; fileRef = E915AA7122BE78AA00BC0D6A /* LaunchScreen.storyboard */; };
		E915AA7622BE78AA00BC0D6A /* main.m in Sources */ = {isa = PBXBuildFile; fileRef = E915AA7522BE78AA00BC0D6A /* main.m */; };
		E915AA8022BE78AA00BC0D6A /* CoreAnimation____Tests.m in Sources */ = {isa = PBXBuildFile; fileRef = E915AA7F22BE78AA00BC0D6A /* CoreAnimation____Tests.m */; };
		E915AA8B22BE78AA00BC0D6A /* CoreAnimation____UITests.m in Sources */ = {isa = PBXBuildFile; fileRef = E915AA8A22BE78AA00BC0D6A /* CoreAnimation____UITests.m */; };
/* End PBXBuildFile section */

/* Begin PBXContainerItemProxy section */
		E915AA7C22BE78AA00BC0D6A /* PBXContainerItemProxy */ = {
			isa = PBXContainerItemProxy;
			containerPortal = E915AA5B22BE78A900BC0D6A /* Project object */;
			proxyType = 1;
			remoteGlobalIDString = E915AA6222BE78A900BC0D6A;
			remoteInfo = "CoreAnimation下雨效果";
		};
		E915AA8722BE78AA00BC0D6A /* PBXContainerItemProxy */ = {
			isa = PBXContainerItemProxy;
			containerPortal = E915AA5B22BE78A900BC0D6A /* Project object */;
			proxyType = 1;
			remoteGlobalIDString = E915AA6222BE78A900BC0D6A;
			remoteInfo = "CoreAnimation下雨效果";
		};
/* End PBXContainerItemProxy section */

/* Begin PBXFileReference section */
		E915AA6322BE78A900BC0D6A /* CoreAnimation下雨效果.app */ = {isa = PBXFileReference; explicitFileType = wrapper.application; includeInIndex = 0; path = "CoreAnimation下雨效果.app"; sourceTree = BUILT_PRODUCTS_DIR; };
		E915AA6622BE78A900BC0D6A /* AppDelegate.h */ = {isa = PBXFileReference; lastKnownFileType = sourcecode.c.h; path = AppDelegate.h; sourceTree = "<group>"; };
		E915AA6722BE78A900BC0D6A /* AppDelegate.m */ = {isa = PBXFileReference; lastKnownFileType = sourcecode.c.objc; path = AppDelegate.m; sourceTree = "<group>"; };
		E915AA6922BE78A900BC0D6A /* ViewController.h */ = {isa = PBXFileReference; lastKnownFileType = sourcecode.c.h; path = ViewController.h; sourceTree = "<group>"; };
		E915AA6A22BE78A900BC0D6A /* ViewController.m */ = {isa = PBXFileReference; lastKnownFileType = sourcecode.c.objc; path = ViewController.m; sourceTree = "<group>"; };
		E915AA6D22BE78A900BC0D6A /* Base */ = {isa = PBXFileReference; lastKnownFileType = file.storyboard; name = Base; path = Base.lproj/Main.storyboard; sourceTree = "<group>"; };
		E915AA6F22BE78AA00BC0D6A /* Assets.xcassets */ = {isa = PBXFileReference; lastKnownFileType = folder.assetcatalog; path = Assets.xcassets; sourceTree = "<group>"; };
		E915AA7222BE78AA00BC0D6A /* Base */ = {isa = PBXFileReference; lastKnownFileType = file.storyboard; name = Base; path = Base.lproj/LaunchScreen.storyboard; sourceTree = "<group>"; };
		E915AA7422BE78AA00BC0D6A /* Info.plist */ = {isa = PBXFileReference; lastKnownFileType = text.plist.xml; path = Info.plist; sourceTree = "<group>"; };
		E915AA7522BE78AA00BC0D6A /* main.m */ = {isa = PBXFileReference; lastKnownFileType = sourcecode.c.objc; path = main.m; sourceTree = "<group>"; };
		E915AA7B22BE78AA00BC0D6A /* CoreAnimation下雨效果Tests.xctest */ = {isa = PBXFileReference; explicitFileType = wrapper.cfbundle; includeInIndex = 0; path = "CoreAnimation下雨效果Tests.xctest"; sourceTree = BUILT_PRODUCTS_DIR; };
		E915AA7F22BE78AA00BC0D6A /* CoreAnimation____Tests.m */ = {isa = PBXFileReference; lastKnownFileType = sourcecode.c.objc; path = "CoreAnimation____Tests.m"; sourceTree = "<group>"; };
		E915AA8122BE78AA00BC0D6A /* Info.plist */ = {isa = PBXFileReference; lastKnownFileType = text.plist.xml; path = Info.plist; sourceTree = "<group>"; };
		E915AA8622BE78AA00BC0D6A /* CoreAnimation下雨效果UITests.xctest */ = {isa = PBXFileReference; explicitFileType = wrapper.cfbundle; includeInIndex = 0; path = "CoreAnimation下雨效果UITests.xctest"; sourceTree = BUILT_PRODUCTS_DIR; };
		E915AA8A22BE78AA00BC0D6A /* CoreAnimation____UITests.m */ = {isa = PBXFileReference; lastKnownFileType = sourcecode.c.objc; path = "CoreAnimation____UITests.m"; sourceTree = "<group>"; };
		E915AA8C22BE78AA00BC0D6A /* Info.plist */ = {isa = PBXFileReference; lastKnownFileType = text.plist.xml; path = Info.plist; sourceTree = "<group>"; };
/* End PBXFileReference section */

/* Begin PBXFrameworksBuildPhase section */
		E915AA6022BE78A900BC0D6A /* Frameworks */ = {
			isa = PBXFrameworksBuildPhase;
			buildActionMask = 2147483647;
			files = (
			);
			runOnlyForDeploymentPostprocessing = 0;
		};
		E915AA7822BE78AA00BC0D6A /* Frameworks */ = {
			isa = PBXFrameworksBuildPhase;
			buildActionMask = 2147483647;
			files = (
			);
			runOnlyForDeploymentPostprocessing = 0;
		};
		E915AA8322BE78AA00BC0D6A /* Frameworks */ = {
			isa = PBXFrameworksBuildPhase;
			buildActionMask = 2147483647;
			files = (
			);
			runOnlyForDeploymentPostprocessing = 0;
		};
/* End PBXFrameworksBuildPhase section */

/* Begin PBXGroup section */
		E915AA5A22BE78A900BC0D6A = {
			isa = PBXGroup;
			children = (
				E915AA6522BE78A900BC0D6A /* CoreAnimation下雨效果 */,
				E915AA7E22BE78AA00BC0D6A /* CoreAnimation下雨效果Tests */,
				E915AA8922BE78AA00BC0D6A /* CoreAnimation下雨效果UITests */,
				E915AA6422BE78A900BC0D6A /* Products */,
			);
			sourceTree = "<group>";
		};
		E915AA6422BE78A900BC0D6A /* Products */ = {
			isa = PBXGroup;
			children = (
				E915AA6322BE78A900BC0D6A /* CoreAnimation下雨效果.app */,
				E915AA7B22BE78AA00BC0D6A /* CoreAnimation下雨效果Tests.xctest */,
				E915AA8622BE78AA00BC0D6A /* CoreAnimation下雨效果UITests.xctest */,
			);
			name = Products;
			sourceTree = "<group>";
		};
		E915AA6522BE78A900BC0D6A /* CoreAnimation下雨效果 */ = {
			isa = PBXGroup;
			children = (
				E915AA6622BE78A900BC0D6A /* AppDelegate.h */,
				E915AA6722BE78A900BC0D6A /* AppDelegate.m */,
				E915AA6922BE78A900BC0D6A /* ViewController.h */,
				E915AA6A22BE78A900BC0D6A /* ViewController.m */,
				E915AA6C22BE78A900BC0D6A /* Main.storyboard */,
				E915AA6F22BE78AA00BC0D6A /* Assets.xcassets */,
				E915AA7122BE78AA00BC0D6A /* LaunchScreen.storyboard */,
				E915AA7422BE78AA00BC0D6A /* Info.plist */,
				E915AA7522BE78AA00BC0D6A /* main.m */,
			);
			path = "CoreAnimation下雨效果";
			sourceTree = "<group>";
		};
		E915AA7E22BE78AA00BC0D6A /* CoreAnimation下雨效果Tests */ = {
			isa = PBXGroup;
			children = (
				E915AA7F22BE78AA00BC0D6A /* CoreAnimation____Tests.m */,
				E915AA8122BE78AA00BC0D6A /* Info.plist */,
			);
			path = "CoreAnimation下雨效果Tests";
			sourceTree = "<group>";
		};
		E915AA8922BE78AA00BC0D6A /* CoreAnimation下雨效果UITests */ = {
			isa = PBXGroup;
			children = (
				E915AA8A22BE78AA00BC0D6A /* CoreAnimation____UITests.m */,
				E915AA8C22BE78AA00BC0D6A /* Info.plist */,
			);
			path = "CoreAnimation下雨效果UITests";
			sourceTree = "<group>";
		};
/* End PBXGroup section */

/* Begin PBXNativeTarget section */
		E915AA6222BE78A900BC0D6A /* CoreAnimation下雨效果 */ = {
			isa = PBXNativeTarget;
			buildConfigurationList = E915AA8F22BE78AA00BC0D6A /* Build configuration list for PBXNativeTarget "CoreAnimation下雨效果" */;
			buildPhases = (
				E915AA5F22BE78A900BC0D6A /* Sources */,
				E915AA6022BE78A900BC0D6A /* Frameworks */,
				E915AA6122BE78A900BC0D6A /* Resources */,
			);
			buildRules = (
			);
			dependencies = (
			);
			name = "CoreAnimation下雨效果";
			productName = "CoreAnimation下雨效果";
			productReference = E915AA6322BE78A900BC0D6A /* CoreAnimation下雨效果.app */;
			productType = "com.apple.product-type.application";
		};
		E915AA7A22BE78AA00BC0D6A /* CoreAnimation下雨效果Tests */ = {
			isa = PBXNativeTarget;
			buildConfigurationList = E915AA9222BE78AA00BC0D6A /* Build configuration list for PBXNativeTarget "CoreAnimation下雨效果Tests" */;
			buildPhases = (
				E915AA7722BE78AA00BC0D6A /* Sources */,
				E915AA7822BE78AA00BC0D6A /* Frameworks */,
				E915AA7922BE78AA00BC0D6A /* Resources */,
			);
			buildRules = (
			);
			dependencies = (
				E915AA7D22BE78AA00BC0D6A /* PBXTargetDependency */,
			);
			name = "CoreAnimation下雨效果Tests";
			productName = "CoreAnimation下雨效果Tests";
			productReference = E915AA7B22BE78AA00BC0D6A /* CoreAnimation下雨效果Tests.xctest */;
			productType = "com.apple.product-type.bundle.unit-test";
		};
		E915AA8522BE78AA00BC0D6A /* CoreAnimation下雨效果UITests */ = {
			isa = PBXNativeTarget;
			buildConfigurationList = E915AA9522BE78AA00BC0D6A /* Build configuration list for PBXNativeTarget "CoreAnimation下雨效果UITests" */;
			buildPhases = (
				E915AA8222BE78AA00BC0D6A /* Sources */,
				E915AA8322BE78AA00BC0D6A /* Frameworks */,
				E915AA8422BE78AA00BC0D6A /* Resources */,
			);
			buildRules = (
			);
			dependencies = (
				E915AA8822BE78AA00BC0D6A /* PBXTargetDependency */,
			);
			name = "CoreAnimation下雨效果UITests";
			productName = "CoreAnimation下雨效果UITests";
			productReference = E915AA8622BE78AA00BC0D6A /* CoreAnimation下雨效果UITests.xctest */;
			productType = "com.apple.product-type.bundle.ui-testing";
		};
/* End PBXNativeTarget section */

/* Begin PBXProject section */
		E915AA5B22BE78A900BC0D6A /* Project object */ = {
			isa = PBXProject;
			attributes = {
				LastUpgradeCheck = 1020;
				ORGANIZATIONNAME = soudian;
				TargetAttributes = {
					E915AA6222BE78A900BC0D6A = {
						CreatedOnToolsVersion = 10.2.1;
					};
					E915AA7A22BE78AA00BC0D6A = {
						CreatedOnToolsVersion = 10.2.1;
						TestTargetID = E915AA6222BE78A900BC0D6A;
					};
					E915AA8522BE78AA00BC0D6A = {
						CreatedOnToolsVersion = 10.2.1;
						TestTargetID = E915AA6222BE78A900BC0D6A;
					};
				};
			};
			buildConfigurationList = E915AA5E22BE78A900BC0D6A /* Build configuration list for PBXProject "CoreAnimation下雨效果" */;
			compatibilityVersion = "Xcode 9.3";
			developmentRegion = en;
			hasScannedForEncodings = 0;
			knownRegions = (
				en,
				Base,
			);
			mainGroup = E915AA5A22BE78A900BC0D6A;
			productRefGroup = E915AA6422BE78A900BC0D6A /* Products */;
			projectDirPath = "";
			projectRoot = "";
			targets = (
				E915AA6222BE78A900BC0D6A /* CoreAnimation下雨效果 */,
				E915AA7A22BE78AA00BC0D6A /* CoreAnimation下雨效果Tests */,
				E915AA8522BE78AA00BC0D6A /* CoreAnimation下雨效果UITests */,
			);
		};
/* End PBXProject section */

/* Begin PBXResourcesBuildPhase section */
		E915AA6122BE78A900BC0D6A /* Resources */ = {
			isa = PBXResourcesBuildPhase;
			buildActionMask = 2147483647;
			files = (
				E915AA7322BE78AA00BC0D6A /* LaunchScreen.storyboard in Resources */,
				E915AA7022BE78AA00BC0D6A /* Assets.xcassets in Resources */,
				E915AA6E22BE78A900BC0D6A /* Main.storyboard in Resources */,
			);
			runOnlyForDeploymentPostprocessing = 0;
		};
		E915AA7922BE78AA00BC0D6A /* Resources */ = {
			isa = PBXResourcesBuildPhase;
			buildActionMask = 2147483647;
			files = (
			);
			runOnlyForDeploymentPostprocessing = 0;
		};
		E915AA8422BE78AA00BC0D6A /* Resources */ = {
			isa = PBXResourcesBuildPhase;
			buildActionMask = 2147483647;
			files = (
			);
			runOnlyForDeploymentPostprocessing = 0;
		};
/* End PBXResourcesBuildPhase section */

/* Begin PBXSourcesBuildPhase section */
		E915AA5F22BE78A900BC0D6A /* Sources */ = {
			isa = PBXSourcesBuildPhase;
			buildActionMask = 2147483647;
			files = (
				E915AA6B22BE78A900BC0D6A /* ViewController.m in Sources */,
				E915AA7622BE78AA00BC0D6A /* main.m in Sources */,
				E915AA6822BE78A900BC0D6A /* AppDelegate.m in Sources */,
			);
			runOnlyForDeploymentPostprocessing = 0;
		};
		E915AA7722BE78AA00BC0D6A /* Sources */ = {
			isa = PBXSourcesBuildPhase;
			buildActionMask = 2147483647;
			files = (
				E915AA8022BE78AA00BC0D6A /* CoreAnimation____Tests.m in Sources */,
			);
			runOnlyForDeploymentPostprocessing = 0;
		};
		E915AA8222BE78AA00BC0D6A /* Sources */ = {
			isa = PBXSourcesBuildPhase;
			buildActionMask = 2147483647;
			files = (
				E915AA8B22BE78AA00BC0D6A /* CoreAnimation____UITests.m in Sources */,
			);
			runOnlyForDeploymentPostprocessing = 0;
		};
/* End PBXSourcesBuildPhase section */

/* Begin PBXTargetDependency section */
		E915AA7D22BE78AA00BC0D6A /* PBXTargetDependency */ = {
			isa = PBXTargetDependency;
			target = E915AA6222BE78A900BC0D6A /* CoreAnimation下雨效果 */;
			targetProxy = E915AA7C22BE78AA00BC0D6A /* PBXContainerItemProxy */;
		};
		E915AA8822BE78AA00BC0D6A /* PBXTargetDependency */ = {
			isa = PBXTargetDependency;
			target = E915AA6222BE78A900BC0D6A /* CoreAnimation下雨效果 */;
			targetProxy = E915AA8722BE78AA00BC0D6A /* PBXContainerItemProxy */;
		};
/* End PBXTargetDependency section */

/* Begin PBXVariantGroup section */
		E915AA6C22BE78A900BC0D6A /* Main.storyboard */ = {
			isa = PBXVariantGroup;
			children = (
				E915AA6D22BE78A900BC0D6A /* Base */,
			);
			name = Main.storyboard;
			sourceTree = "<group>";
		};
		E915AA7122BE78AA00BC0D6A /* LaunchScreen.storyboard */ = {
			isa = PBXVariantGroup;
			children = (
				E915AA7222BE78AA00BC0D6A /* Base */,
			);
			name = LaunchScreen.storyboard;
			sourceTree = "<group>";
		};
/* End PBXVariantGroup section */

/* Begin XCBuildConfiguration section */
		E915AA8D22BE78AA00BC0D6A /* Debug */ = {
			isa = XCBuildConfiguration;
			buildSettings = {
				ALWAYS_SEARCH_USER_PATHS = NO;
				CLANG_ANALYZER_NONNULL = YES;
				CLANG_ANALYZER_NUMBER_OBJECT_CONVERSION = YES_AGGRESSIVE;
				CLANG_CXX_LANGUAGE_STANDARD = "gnu++14";
				CLANG_CXX_LIBRARY = "libc++";
				CLANG_ENABLE_MODULES = YES;
				CLANG_ENABLE_OBJC_ARC = YES;
				CLANG_ENABLE_OBJC_WEAK = YES;
				CLANG_WARN_BLOCK_CAPTURE_AUTORELEASING = YES;
				CLANG_WARN_BOOL_CONVERSION = YES;
				CLANG_WARN_COMMA = YES;
				CLANG_WARN_CONSTANT_CONVERSION = YES;
				CLANG_WARN_DEPRECATED_OBJC_IMPLEMENTATIONS = YES;
				CLANG_WARN_DIRECT_OBJC_ISA_USAGE = YES_ERROR;
				CLANG_WARN_DOCUMENTATION_COMMENTS = YES;
				CLANG_WARN_EMPTY_BODY = YES;
				CLANG_WARN_ENUM_CONVERSION = YES;
				CLANG_WARN_INFINITE_RECURSION = YES;
				CLANG_WARN_INT_CONVERSION = YES;
				CLANG_WARN_NON_LITERAL_NULL_CONVERSION = YES;
				CLANG_WARN_OBJC_IMPLICIT_RETAIN_SELF = YES;
				CLANG_WARN_OBJC_LITERAL_CONVERSION = YES;
				CLANG_WARN_OBJC_ROOT_CLASS = YES_ERROR;
				CLANG_WARN_RANGE_LOOP_ANALYSIS = YES;
				CLANG_WARN_STRICT_PROTOTYPES = YES;
				CLANG_WARN_SUSPICIOUS_MOVE = YES;
				CLANG_WARN_UNGUARDED_AVAILABILITY = YES_AGGRESSIVE;
				CLANG_WARN_UNREACHABLE_CODE = YES;
				CLANG_WARN__DUPLICATE_METHOD_MATCH = YES;
				CODE_SIGN_IDENTITY = "iPhone Developer";
				COPY_PHASE_STRIP = NO;
				DEBUG_INFORMATION_FORMAT = dwarf;
				ENABLE_STRICT_OBJC_MSGSEND = YES;
				ENABLE_TESTABILITY = YES;
				GCC_C_LANGUAGE_STANDARD = gnu11;
				GCC_DYNAMIC_NO_PIC = NO;
				GCC_NO_COMMON_BLOCKS = YES;
				GCC_OPTIMIZATION_LEVEL = 0;
				GCC_PREPROCESSOR_DEFINITIONS = (
					"DEBUG=1",
					"$(inherited)",
				);
				GCC_WARN_64_TO_32_BIT_CONVERSION = YES;
				GCC_WARN_ABOUT_RETURN_TYPE = YES_ERROR;
				GCC_WARN_UNDECLARED_SELECTOR = YES;
				GCC_WARN_UNINITIALIZED_AUTOS = YES_AGGRESSIVE;
				GCC_WARN_UNUSED_FUNCTION = YES;
				GCC_WARN_UNUSED_VARIABLE = YES;
				IPHONEOS_DEPLOYMENT_TARGET = 12.2;
				MTL_ENABLE_DEBUG_INFO = INCLUDE_SOURCE;
				MTL_FAST_MATH = YES;
				ONLY_ACTIVE_ARCH = YES;
				SDKROOT = iphoneos;
			};
			name = Debug;
		};
		E915AA8E22BE78AA00BC0D6A /* Release */ = {
			isa = XCBuildConfiguration;
			buildSettings = {
				ALWAYS_SEARCH_USER_PATHS = NO;
				CLANG_ANALYZER_NONNULL = YES;
				CLANG_ANALYZER_NUMBER_OBJECT_CONVERSION = YES_AGGRESSIVE;
				CLANG_CXX_LANGUAGE_STANDARD = "gnu++14";
				CLANG_CXX_LIBRARY = "libc++";
				CLANG_ENABLE_MODULES = YES;
				CLANG_ENABLE_OBJC_ARC = YES;
				CLANG_ENABLE_OBJC_WEAK = YES;
				CLANG_WARN_BLOCK_CAPTURE_AUTORELEASING = YES;
				CLANG_WARN_BOOL_CONVERSION = YES;
				CLANG_WARN_COMMA = YES;
				CLANG_WARN_CONSTANT_CONVERSION = YES;
				CLANG_WARN_DEPRECATED_OBJC_IMPLEMENTATIONS = YES;
				CLANG_WARN_DIRECT_OBJC_ISA_USAGE = YES_ERROR;
				CLANG_WARN_DOCUMENTATION_COMMENTS = YES;
				CLANG_WARN_EMPTY_BODY = YES;
				CLANG_WARN_ENUM_CONVERSION = YES;
				CLANG_WARN_INFINITE_RECURSION = YES;
				CLANG_WARN_INT_CONVERSION = YES;
				CLANG_WARN_NON_LITERAL_NULL_CONVERSION = YES;
				CLANG_WARN_OBJC_IMPLICIT_RETAIN_SELF = YES;
				CLANG_WARN_OBJC_LITERAL_CONVERSION = YES;
				CLANG_WARN_OBJC_ROOT_CLASS = YES_ERROR;
				CLANG_WARN_RANGE_LOOP_ANALYSIS = YES;
				CLANG_WARN_STRICT_PROTOTYPES = YES;
				CLANG_WARN_SUSPICIOUS_MOVE = YES;
				CLANG_WARN_UNGUARDED_AVAILABILITY = YES_AGGRESSIVE;
				CLANG_WARN_UNREACHABLE_CODE = YES;
				CLANG_WARN__DUPLICATE_METHOD_MATCH = YES;
				CODE_SIGN_IDENTITY = "iPhone Developer";
				COPY_PHASE_STRIP = NO;
				DEBUG_INFORMATION_FORMAT = "dwarf-with-dsym";
				ENABLE_NS_ASSERTIONS = NO;
				ENABLE_STRICT_OBJC_MSGSEND = YES;
				GCC_C_LANGUAGE_STANDARD = gnu11;
				GCC_NO_COMMON_BLOCKS = YES;
				GCC_WARN_64_TO_32_BIT_CONVERSION = YES;
				GCC_WARN_ABOUT_RETURN_TYPE = YES_ERROR;
				GCC_WARN_UNDECLARED_SELECTOR = YES;
				GCC_WARN_UNINITIALIZED_AUTOS = YES_AGGRESSIVE;
				GCC_WARN_UNUSED_FUNCTION = YES;
				GCC_WARN_UNUSED_VARIABLE = YES;
				IPHONEOS_DEPLOYMENT_TARGET = 12.2;
				MTL_ENABLE_DEBUG_INFO = NO;
				MTL_FAST_MATH = YES;
				SDKROOT = iphoneos;
				VALIDATE_PRODUCT = YES;
			};
			name = Release;
		};
		E915AA9022BE78AA00BC0D6A /* Debug */ = {
			isa = XCBuildConfiguration;
			buildSettings = {
				ASSETCATALOG_COMPILER_APPICON_NAME = AppIcon;
				CODE_SIGN_STYLE = Automatic;
				DEVELOPMENT_TEAM = F6GWEHD94Q;
				INFOPLIST_FILE = "CoreAnimation下雨效果/Info.plist";
				LD_RUNPATH_SEARCH_PATHS = (
					"$(inherited)",
					"@executable_path/Frameworks",
				);
				PRODUCT_BUNDLE_IDENTIFIER = "com.soudian.CoreAnimation----";
				PRODUCT_NAME = "$(TARGET_NAME)";
				TARGETED_DEVICE_FAMILY = "1,2";
			};
			name = Debug;
		};
		E915AA9122BE78AA00BC0D6A /* Release */ = {
			isa = XCBuildConfiguration;
			buildSettings = {
				ASSETCATALOG_COMPILER_APPICON_NAME = AppIcon;
				CODE_SIGN_STYLE = Automatic;
				DEVELOPMENT_TEAM = F6GWEHD94Q;
				INFOPLIST_FILE = "CoreAnimation下雨效果/Info.plist";
				LD_RUNPATH_SEARCH_PATHS = (
					"$(inherited)",
					"@executable_path/Frameworks",
				);
				PRODUCT_BUNDLE_IDENTIFIER = "com.soudian.CoreAnimation----";
				PRODUCT_NAME = "$(TARGET_NAME)";
				TARGETED_DEVICE_FAMILY = "1,2";
			};
			name = Release;
		};
		E915AA9322BE78AA00BC0D6A /* Debug */ = {
			isa = XCBuildConfiguration;
			buildSettings = {
				BUNDLE_LOADER = "$(TEST_HOST)";
				CODE_SIGN_STYLE = Automatic;
				DEVELOPMENT_TEAM = F6GWEHD94Q;
				INFOPLIST_FILE = "CoreAnimation下雨效果Tests/Info.plist";
				LD_RUNPATH_SEARCH_PATHS = (
					"$(inherited)",
					"@executable_path/Frameworks",
					"@loader_path/Frameworks",
				);
				PRODUCT_BUNDLE_IDENTIFIER = "com.soudian.CoreAnimation----Tests";
				PRODUCT_NAME = "$(TARGET_NAME)";
				TARGETED_DEVICE_FAMILY = "1,2";
				TEST_HOST = "$(BUILT_PRODUCTS_DIR)/CoreAnimation下雨效果.app/CoreAnimation下雨效果";
			};
			name = Debug;
		};
		E915AA9422BE78AA00BC0D6A /* Release */ = {
			isa = XCBuildConfiguration;
			buildSettings = {
				BUNDLE_LOADER = "$(TEST_HOST)";
				CODE_SIGN_STYLE = Automatic;
				DEVELOPMENT_TEAM = F6GWEHD94Q;
				INFOPLIST_FILE = "CoreAnimation下雨效果Tests/Info.plist";
				LD_RUNPATH_SEARCH_PATHS = (
					"$(inherited)",
					"@executable_path/Frameworks",
					"@loader_path/Frameworks",
				);
				PRODUCT_BUNDLE_IDENTIFIER = "com.soudian.CoreAnimation----Tests";
				PRODUCT_NAME = "$(TARGET_NAME)";
				TARGETED_DEVICE_FAMILY = "1,2";
				TEST_HOST = "$(BUILT_PRODUCTS_DIR)/CoreAnimation下雨效果.app/CoreAnimation下雨效果";
			};
			name = Release;
		};
		E915AA9622BE78AA00BC0D6A /* Debug */ = {
			isa = XCBuildConfiguration;
			buildSettings = {
				CODE_SIGN_STYLE = Automatic;
				DEVELOPMENT_TEAM = F6GWEHD94Q;
				INFOPLIST_FILE = "CoreAnimation下雨效果UITests/Info.plist";
				LD_RUNPATH_SEARCH_PATHS = (
					"$(inherited)",
					"@executable_path/Frameworks",
					"@loader_path/Frameworks",
				);
				PRODUCT_BUNDLE_IDENTIFIER = "com.soudian.CoreAnimation----UITests";
				PRODUCT_NAME = "$(TARGET_NAME)";
				TARGETED_DEVICE_FAMILY = "1,2";
				TEST_TARGET_NAME = "CoreAnimation下雨效果";
			};
			name = Debug;
		};
		E915AA9722BE78AA00BC0D6A /* Release */ = {
			isa = XCBuildConfiguration;
			buildSettings = {
				CODE_SIGN_STYLE = Automatic;
				DEVELOPMENT_TEAM = F6GWEHD94Q;
				INFOPLIST_FILE = "CoreAnimation下雨效果UITests/Info.plist";
				LD_RUNPATH_SEARCH_PATHS = (
					"$(inherited)",
					"@executable_path/Frameworks",
					"@loader_path/Frameworks",
				);
				PRODUCT_BUNDLE_IDENTIFIER = "com.soudian.CoreAnimation----UITests";
				PRODUCT_NAME = "$(TARGET_NAME)";
				TARGETED_DEVICE_FAMILY = "1,2";
				TEST_TARGET_NAME = "CoreAnimation下雨效果";
			};
			name = Release;
		};
/* End XCBuildConfiguration section */

/* Begin XCConfigurationList section */
		E915AA5E22BE78A900BC0D6A /* Build configuration list for PBXProject "CoreAnimation下雨效果" */ = {
			isa = XCConfigurationList;
			buildConfigurations = (
				E915AA8D22BE78AA00BC0D6A /* Debug */,
				E915AA8E22BE78AA00BC0D6A /* Release */,
			);
			defaultConfigurationIsVisible = 0;
			defaultConfigurationName = Release;
		};
		E915AA8F22BE78AA00BC0D6A /* Build configuration list for PBXNativeTarget "CoreAnimation下雨效果" */ = {
			isa = XCConfigurationList;
			buildConfigurations = (
				E915AA9022BE78AA00BC0D6A /* Debug */,
				E915AA9122BE78AA00BC0D6A /* Release */,
			);
			defaultConfigurationIsVisible = 0;
			defaultConfigurationName = Release;
		};
		E915AA9222BE78AA00BC0D6A /* Build configuration list for PBXNativeTarget "CoreAnimation下雨效果Tests" */ = {
			isa = XCConfigurationList;
			buildConfigurations = (
				E915AA9322BE78AA00BC0D6A /* Debug */,
				E915AA9422BE78AA00BC0D6A /* Release */,
			);
			defaultConfigurationIsVisible = 0;
			defaultConfigurationName = Release;
		};
		E915AA9522BE78AA00BC0D6A /* Build configuration list for PBXNativeTarget "CoreAnimation下雨效果UITests" */ = {
			isa = XCConfigurationList;
			buildConfigurations = (
				E915AA9622BE78AA00BC0D6A /* Debug */,
				E915AA9722BE78AA00BC0D6A /* Release */,
			);
			defaultConfigurationIsVisible = 0;
			defaultConfigurationName = Release;
		};
/* End XCConfigurationList section */
	};
	rootObject = E915AA5B22BE78A900BC0D6A /* Project object */;
}
